PODS:
  - BizComponentA (0.1.1):
    - RCCommon (= 0.1.5)
  - RCCommon (0.1.5)

DEPENDENCIES:
  - BizComponentA (from `../`)

SPEC REPOS:
  https://github.com/cheng-ren/RCSpecs.git:
    - RCCommon

EXTERNAL SOURCES:
  BizComponentA:
    :path: "../"

SPEC CHECKSUMS:
  BizComponentA: c1db4e2280d4623cbb2bc6f9d89313593b4c77d2
  RCCommon: 496d9a7b28179b5af75e7d57d52428a3ef1b54a0

PODFILE CHECKSUM: 244f086b73b904cf6f633be6928fab12c3ae4639

COCOAPODS: 1.11.3
